
Microsoft Visual Studio Solution File, Format Version 12.00
# Visual Studio 14
VisualStudioVersion = 14.0.25420.1
MinimumVisualStudioVersion = 10.0.40219.1
Project("{FAE04EC0-301F-11D3-BF4B-00C04F79EFBC}") = "XamarinFormsSample.Droid", "XamarinFormsSample\XamarinFormsSample.Droid\XamarinFormsSample.Droid.csproj", "{F63CCBA1-08C5-461F-AAD7-1BE7B0C74148}"
EndProject
Project("{FAE04EC0-301F-11D3-BF4B-00C04F79EFBC}") = "XamarinFormsSample.iOS", "XamarinFormsSample\XamarinFormsSample.iOS\XamarinFormsSample.iOS.csproj", "{AADDD290-3CA1-4571-B1FF-C1A7ED94ED5A}"
EndProject
Project("{FAE04EC0-301F-11D3-BF4B-00C04F79EFBC}") = "XamarinFormsSample.WinPhone", "XamarinFormsSample\XamarinFormsSample.WinPhone\XamarinFormsSample.WinPhone.csproj", "{57341D77-EF5F-436F-ACDE-5FA880699318}"
EndProject
Project("{FAE04EC0-301F-11D3-BF4B-00C04F79EFBC}") = "XamarinFormsSample.UWP", "XamarinFormsSample\XamarinFormsSample.UWP\XamarinFormsSample.UWP.csproj", "{17C3D2B4-EF72-4B22-AACB-0F10045DEBA8}"
EndProject
Project("{FAE04EC0-301F-11D3-BF4B-00C04F79EFBC}") = "XamarinFormsSample.Windows", "XamarinFormsSample\XamarinFormsSample.Windows\XamarinFormsSample.Windows.csproj", "{0590AFDA-A3C0-4729-8958-7DFDD403B522}"
EndProject
Project("{FAE04EC0-301F-11D3-BF4B-00C04F79EFBC}") = "XamarinFormsSample", "XamarinFormsSample\XamarinFormsSample\XamarinFormsSample.csproj", "{A39DF693-F6E7-4F9F-91E5-D8F01AB43958}"
EndProject
Global
	GlobalSection(SolutionConfigurationPlatforms) = preSolution
		Ad-Hoc|Any CPU = Ad-Hoc|Any CPU
		Ad-Hoc|ARM = Ad-Hoc|ARM
		Ad-Hoc|iPhone = Ad-Hoc|iPhone
		Ad-Hoc|iPhoneSimulator = Ad-Hoc|iPhoneSimulator
		Ad-Hoc|x64 = Ad-Hoc|x64
		Ad-Hoc|x86 = Ad-Hoc|x86
		AppStore|Any CPU = AppStore|Any CPU
		AppStore|ARM = AppStore|ARM
		AppStore|iPhone = AppStore|iPhone
		AppStore|iPhoneSimulator = AppStore|iPhoneSimulator
		AppStore|x64 = AppStore|x64
		AppStore|x86 = AppStore|x86
		Debug|Any CPU = Debug|Any CPU
		Debug|ARM = Debug|ARM
		Debug|iPhone = Debug|iPhone
		Debug|iPhoneSimulator = Debug|iPhoneSimulator
		Debug|x64 = Debug|x64
		Debug|x86 = Debug|x86
		Release|Any CPU = Release|Any CPU
		Release|ARM = Release|ARM
		Release|iPhone = Release|iPhone
		Release|iPhoneSimulator = Release|iPhoneSimulator
		Release|x64 = Release|x64
		Release|x86 = Release|x86
	EndGlobalSection
	GlobalSection(ProjectConfigurationPlatforms) = postSolution
		{F63CCBA1-08C5-461F-AAD7-1BE7B0C74148}.Ad-Hoc|Any CPU.ActiveCfg = Release|Any CPU
		{F63CCBA1-08C5-461F-AAD7-1BE7B0C74148}.Ad-Hoc|Any CPU.Build.0 = Release|Any CPU
		{F63CCBA1-08C5-461F-AAD7-1BE7B0C74148}.Ad-Hoc|Any CPU.Deploy.0 = Release|Any CPU
		{F63CCBA1-08C5-461F-AAD7-1BE7B0C74148}.Ad-Hoc|ARM.ActiveCfg = Release|Any CPU
		{F63CCBA1-08C5-461F-AAD7-1BE7B0C74148}.Ad-Hoc|ARM.Build.0 = Release|Any CPU
		{F63CCBA1-08C5-461F-AAD7-1BE7B0C74148}.Ad-Hoc|ARM.Deploy.0 = Release|Any CPU
		{F63CCBA1-08C5-461F-AAD7-1BE7B0C74148}.Ad-Hoc|iPhone.ActiveCfg = Release|Any CPU
		{F63CCBA1-08C5-461F-AAD7-1BE7B0C74148}.Ad-Hoc|iPhone.Build.0 = Release|Any CPU
		{F63CCBA1-08C5-461F-AAD7-1BE7B0C74148}.Ad-Hoc|iPhone.Deploy.0 = Release|Any CPU
		{F63CCBA1-08C5-461F-AAD7-1BE7B0C74148}.Ad-Hoc|iPhoneSimulator.ActiveCfg = Release|Any CPU
		{F63CCBA1-08C5-461F-AAD7-1BE7B0C74148}.Ad-Hoc|iPhoneSimulator.Build.0 = Release|Any CPU
		{F63CCBA1-08C5-461F-AAD7-1BE7B0C74148}.Ad-Hoc|iPhoneSimulator.Deploy.0 = Release|Any CPU
		{F63CCBA1-08C5-461F-AAD7-1BE7B0C74148}.Ad-Hoc|x64.ActiveCfg = Release|Any CPU
		{F63CCBA1-08C5-461F-AAD7-1BE7B0C74148}.Ad-Hoc|x64.Build.0 = Release|Any CPU
		{F63CCBA1-08C5-461F-AAD7-1BE7B0C74148}.Ad-Hoc|x64.Deploy.0 = Release|Any CPU
		{F63CCBA1-08C5-461F-AAD7-1BE7B0C74148}.Ad-Hoc|x86.ActiveCfg = Release|Any CPU
		{F63CCBA1-08C5-461F-AAD7-1BE7B0C74148}.Ad-Hoc|x86.Build.0 = Release|Any CPU
		{F63CCBA1-08C5-461F-AAD7-1BE7B0C74148}.Ad-Hoc|x86.Deploy.0 = Release|Any CPU
		{F63CCBA1-08C5-461F-AAD7-1BE7B0C74148}.AppStore|Any CPU.ActiveCfg = Release|Any CPU
		{F63CCBA1-08C5-461F-AAD7-1BE7B0C74148}.AppStore|Any CPU.Build.0 = Release|Any CPU
		{F63CCBA1-08C5-461F-AAD7-1BE7B0C74148}.AppStore|Any CPU.Deploy.0 = Release|Any CPU
		{F63CCBA1-08C5-461F-AAD7-1BE7B0C74148}.AppStore|ARM.ActiveCfg = Release|Any CPU
		{F63CCBA1-08C5-461F-AAD7-1BE7B0C74148}.AppStore|ARM.Build.0 = Release|Any CPU
		{F63CCBA1-08C5-461F-AAD7-1BE7B0C74148}.AppStore|ARM.Deploy.0 = Release|Any CPU
		{F63CCBA1-08C5-461F-AAD7-1BE7B0C74148}.AppStore|iPhone.ActiveCfg = Release|Any CPU
		{F63CCBA1-08C5-461F-AAD7-1BE7B0C74148}.AppStore|iPhone.Build.0 = Release|Any CPU
		{F63CCBA1-08C5-461F-AAD7-1BE7B0C74148}.AppStore|iPhone.Deploy.0 = Release|Any CPU
		{F63CCBA1-08C5-461F-AAD7-1BE7B0C74148}.AppStore|iPhoneSimulator.ActiveCfg = Release|Any CPU
		{F63CCBA1-08C5-461F-AAD7-1BE7B0C74148}.AppStore|iPhoneSimulator.Build.0 = Release|Any CPU
		{F63CCBA1-08C5-461F-AAD7-1BE7B0C74148}.AppStore|iPhoneSimulator.Deploy.0 = Release|Any CPU
		{F63CCBA1-08C5-461F-AAD7-1BE7B0C74148}.AppStore|x64.ActiveCfg = Release|Any CPU
		{F63CCBA1-08C5-461F-AAD7-1BE7B0C74148}.AppStore|x64.Build.0 = Release|Any CPU
		{F63CCBA1-08C5-461F-AAD7-1BE7B0C74148}.AppStore|x64.Deploy.0 = Release|Any CPU
		{F63CCBA1-08C5-461F-AAD7-1BE7B0C74148}.AppStore|x86.ActiveCfg = Release|Any CPU
		{F63CCBA1-08C5-461F-AAD7-1BE7B0C74148}.AppStore|x86.Build.0 = Release|Any CPU
		{F63CCBA1-08C5-461F-AAD7-1BE7B0C74148}.AppStore|x86.Deploy.0 = Release|Any CPU
		{F63CCBA1-08C5-461F-AAD7-1BE7B0C74148}.Debug|Any CPU.ActiveCfg = Debug|Any CPU
		{F63CCBA1-08C5-461F-AAD7-1BE7B0C74148}.Debug|Any CPU.Build.0 = Debug|Any CPU
		{F63CCBA1-08C5-461F-AAD7-1BE7B0C74148}.Debug|Any CPU.Deploy.0 = Debug|Any CPU
		{F63CCBA1-08C5-461F-AAD7-1BE7B0C74148}.Debug|ARM.ActiveCfg = Debug|Any CPU
		{F63CCBA1-08C5-461F-AAD7-1BE7B0C74148}.Debug|ARM.Build.0 = Debug|Any CPU
		{F63CCBA1-08C5-461F-AAD7-1BE7B0C74148}.Debug|ARM.Deploy.0 = Debug|Any CPU
		{F63CCBA1-08C5-461F-AAD7-1BE7B0C74148}.Debug|iPhone.ActiveCfg = Debug|Any CPU
		{F63CCBA1-08C5-461F-AAD7-1BE7B0C74148}.Debug|iPhone.Build.0 = Debug|Any CPU
		{F63CCBA1-08C5-461F-AAD7-1BE7B0C74148}.Debug|iPhone.Deploy.0 = Debug|Any CPU
		{F63CCBA1-08C5-461F-AAD7-1BE7B0C74148}.Debug|iPhoneSimulator.ActiveCfg = Debug|Any CPU
		{F63CCBA1-08C5-461F-AAD7-1BE7B0C74148}.Debug|iPhoneSimulator.Build.0 = Debug|Any CPU
		{F63CCBA1-08C5-461F-AAD7-1BE7B0C74148}.Debug|iPhoneSimulator.Deploy.0 = Debug|Any CPU
		{F63CCBA1-08C5-461F-AAD7-1BE7B0C74148}.Debug|x64.ActiveCfg = Debug|Any CPU
		{F63CCBA1-08C5-461F-AAD7-1BE7B0C74148}.Debug|x64.Build.0 = Debug|Any CPU
		{F63CCBA1-08C5-461F-AAD7-1BE7B0C74148}.Debug|x64.Deploy.0 = Debug|Any CPU
		{F63CCBA1-08C5-461F-AAD7-1BE7B0C74148}.Debug|x86.ActiveCfg = Debug|Any CPU
		{F63CCBA1-08C5-461F-AAD7-1BE7B0C74148}.Debug|x86.Build.0 = Debug|Any CPU
		{F63CCBA1-08C5-461F-AAD7-1BE7B0C74148}.Debug|x86.Deploy.0 = Debug|Any CPU
		{F63CCBA1-08C5-461F-AAD7-1BE7B0C74148}.Release|Any CPU.ActiveCfg = Release|Any CPU
		{F63CCBA1-08C5-461F-AAD7-1BE7B0C74148}.Release|Any CPU.Build.0 = Release|Any CPU
		{F63CCBA1-08C5-461F-AAD7-1BE7B0C74148}.Release|Any CPU.Deploy.0 = Release|Any CPU
		{F63CCBA1-08C5-461F-AAD7-1BE7B0C74148}.Release|ARM.ActiveCfg = Release|Any CPU
		{F63CCBA1-08C5-461F-AAD7-1BE7B0C74148}.Release|ARM.Build.0 = Release|Any CPU
		{F63CCBA1-08C5-461F-AAD7-1BE7B0C74148}.Release|ARM.Deploy.0 = Release|Any CPU
		{F63CCBA1-08C5-461F-AAD7-1BE7B0C74148}.Release|iPhone.ActiveCfg = Release|Any CPU
		{F63CCBA1-08C5-461F-AAD7-1BE7B0C74148}.Release|iPhone.Build.0 = Release|Any CPU
		{F63CCBA1-08C5-461F-AAD7-1BE7B0C74148}.Release|iPhone.Deploy.0 = Release|Any CPU
		{F63CCBA1-08C5-461F-AAD7-1BE7B0C74148}.Release|iPhoneSimulator.ActiveCfg = Release|Any CPU
		{F63CCBA1-08C5-461F-AAD7-1BE7B0C74148}.Release|iPhoneSimulator.Build.0 = Release|Any CPU
		{F63CCBA1-08C5-461F-AAD7-1BE7B0C74148}.Release|iPhoneSimulator.Deploy.0 = Release|Any CPU
		{F63CCBA1-08C5-461F-AAD7-1BE7B0C74148}.Release|x64.ActiveCfg = Release|Any CPU
		{F63CCBA1-08C5-461F-AAD7-1BE7B0C74148}.Release|x64.Build.0 = Release|Any CPU
		{F63CCBA1-08C5-461F-AAD7-1BE7B0C74148}.Release|x64.Deploy.0 = Release|Any CPU
		{F63CCBA1-08C5-461F-AAD7-1BE7B0C74148}.Release|x86.ActiveCfg = Release|Any CPU
		{F63CCBA1-08C5-461F-AAD7-1BE7B0C74148}.Release|x86.Build.0 = Release|Any CPU
		{F63CCBA1-08C5-461F-AAD7-1BE7B0C74148}.Release|x86.Deploy.0 = Release|Any CPU
		{AADDD290-3CA1-4571-B1FF-C1A7ED94ED5A}.Ad-Hoc|Any CPU.ActiveCfg = Ad-Hoc|iPhone
		{AADDD290-3CA1-4571-B1FF-C1A7ED94ED5A}.Ad-Hoc|ARM.ActiveCfg = Ad-Hoc|iPhone
		{AADDD290-3CA1-4571-B1FF-C1A7ED94ED5A}.Ad-Hoc|iPhone.ActiveCfg = Ad-Hoc|iPhone
		{AADDD290-3CA1-4571-B1FF-C1A7ED94ED5A}.Ad-Hoc|iPhone.Build.0 = Ad-Hoc|iPhone
		{AADDD290-3CA1-4571-B1FF-C1A7ED94ED5A}.Ad-Hoc|iPhoneSimulator.ActiveCfg = Ad-Hoc|iPhoneSimulator
		{AADDD290-3CA1-4571-B1FF-C1A7ED94ED5A}.Ad-Hoc|iPhoneSimulator.Build.0 = Ad-Hoc|iPhoneSimulator
		{AADDD290-3CA1-4571-B1FF-C1A7ED94ED5A}.Ad-Hoc|x64.ActiveCfg = Ad-Hoc|iPhone
		{AADDD290-3CA1-4571-B1FF-C1A7ED94ED5A}.Ad-Hoc|x86.ActiveCfg = Ad-Hoc|iPhone
		{AADDD290-3CA1-4571-B1FF-C1A7ED94ED5A}.AppStore|Any CPU.ActiveCfg = AppStore|iPhone
		{AADDD290-3CA1-4571-B1FF-C1A7ED94ED5A}.AppStore|ARM.ActiveCfg = AppStore|iPhone
		{AADDD290-3CA1-4571-B1FF-C1A7ED94ED5A}.AppStore|iPhone.ActiveCfg = AppStore|iPhone
		{AADDD290-3CA1-4571-B1FF-C1A7ED94ED5A}.AppStore|iPhone.Build.0 = AppStore|iPhone
		{AADDD290-3CA1-4571-B1FF-C1A7ED94ED5A}.AppStore|iPhoneSimulator.ActiveCfg = AppStore|iPhoneSimulator
		{AADDD290-3CA1-4571-B1FF-C1A7ED94ED5A}.AppStore|iPhoneSimulator.Build.0 = AppStore|iPhoneSimulator
		{AADDD290-3CA1-4571-B1FF-C1A7ED94ED5A}.AppStore|x64.ActiveCfg = AppStore|iPhone
		{AADDD290-3CA1-4571-B1FF-C1A7ED94ED5A}.AppStore|x86.ActiveCfg = AppStore|iPhone
		{AADDD290-3CA1-4571-B1FF-C1A7ED94ED5A}.Debug|Any CPU.ActiveCfg = Debug|iPhone
		{AADDD290-3CA1-4571-B1FF-C1A7ED94ED5A}.Debug|ARM.ActiveCfg = Debug|iPhone
		{AADDD290-3CA1-4571-B1FF-C1A7ED94ED5A}.Debug|iPhone.ActiveCfg = Debug|iPhone
		{AADDD290-3CA1-4571-B1FF-C1A7ED94ED5A}.Debug|iPhone.Build.0 = Debug|iPhone
		{AADDD290-3CA1-4571-B1FF-C1A7ED94ED5A}.Debug|iPhoneSimulator.ActiveCfg = Debug|iPhoneSimulator
		{AADDD290-3CA1-4571-B1FF-C1A7ED94ED5A}.Debug|iPhoneSimulator.Build.0 = Debug|iPhoneSimulator
		{AADDD290-3CA1-4571-B1FF-C1A7ED94ED5A}.Debug|x64.ActiveCfg = Debug|iPhone
		{AADDD290-3CA1-4571-B1FF-C1A7ED94ED5A}.Debug|x86.ActiveCfg = Debug|iPhone
		{AADDD290-3CA1-4571-B1FF-C1A7ED94ED5A}.Release|Any CPU.ActiveCfg = Release|iPhone
		{AADDD290-3CA1-4571-B1FF-C1A7ED94ED5A}.Release|ARM.ActiveCfg = Release|iPhone
		{AADDD290-3CA1-4571-B1FF-C1A7ED94ED5A}.Release|iPhone.ActiveCfg = Release|iPhone
		{AADDD290-3CA1-4571-B1FF-C1A7ED94ED5A}.Release|iPhone.Build.0 = Release|iPhone
		{AADDD290-3CA1-4571-B1FF-C1A7ED94ED5A}.Release|iPhoneSimulator.ActiveCfg = Release|iPhoneSimulator
		{AADDD290-3CA1-4571-B1FF-C1A7ED94ED5A}.Release|iPhoneSimulator.Build.0 = Release|iPhoneSimulator
		{AADDD290-3CA1-4571-B1FF-C1A7ED94ED5A}.Release|x64.ActiveCfg = Release|iPhone
		{AADDD290-3CA1-4571-B1FF-C1A7ED94ED5A}.Release|x86.ActiveCfg = Release|iPhone
		{57341D77-EF5F-436F-ACDE-5FA880699318}.Ad-Hoc|Any CPU.ActiveCfg = Release|Any CPU
		{57341D77-EF5F-436F-ACDE-5FA880699318}.Ad-Hoc|Any CPU.Build.0 = Release|Any CPU
		{57341D77-EF5F-436F-ACDE-5FA880699318}.Ad-Hoc|Any CPU.Deploy.0 = Release|Any CPU
		{57341D77-EF5F-436F-ACDE-5FA880699318}.Ad-Hoc|ARM.ActiveCfg = Release|ARM
		{57341D77-EF5F-436F-ACDE-5FA880699318}.Ad-Hoc|ARM.Build.0 = Release|ARM
		{57341D77-EF5F-436F-ACDE-5FA880699318}.Ad-Hoc|ARM.Deploy.0 = Release|ARM
		{57341D77-EF5F-436F-ACDE-5FA880699318}.Ad-Hoc|iPhone.ActiveCfg = Release|Any CPU
		{57341D77-EF5F-436F-ACDE-5FA880699318}.Ad-Hoc|iPhone.Build.0 = Release|Any CPU
		{57341D77-EF5F-436F-ACDE-5FA880699318}.Ad-Hoc|iPhone.Deploy.0 = Release|Any CPU
		{57341D77-EF5F-436F-ACDE-5FA880699318}.Ad-Hoc|iPhoneSimulator.ActiveCfg = Release|Any CPU
		{57341D77-EF5F-436F-ACDE-5FA880699318}.Ad-Hoc|iPhoneSimulator.Build.0 = Release|Any CPU
		{57341D77-EF5F-436F-ACDE-5FA880699318}.Ad-Hoc|iPhoneSimulator.Deploy.0 = Release|Any CPU
		{57341D77-EF5F-436F-ACDE-5FA880699318}.Ad-Hoc|x64.ActiveCfg = Release|Any CPU
		{57341D77-EF5F-436F-ACDE-5FA880699318}.Ad-Hoc|x64.Build.0 = Release|Any CPU
		{57341D77-EF5F-436F-ACDE-5FA880699318}.Ad-Hoc|x64.Deploy.0 = Release|Any CPU
		{57341D77-EF5F-436F-ACDE-5FA880699318}.Ad-Hoc|x86.ActiveCfg = Release|x86
		{57341D77-EF5F-436F-ACDE-5FA880699318}.Ad-Hoc|x86.Build.0 = Release|x86
		{57341D77-EF5F-436F-ACDE-5FA880699318}.Ad-Hoc|x86.Deploy.0 = Release|x86
		{57341D77-EF5F-436F-ACDE-5FA880699318}.AppStore|Any CPU.ActiveCfg = Release|Any CPU
		{57341D77-EF5F-436F-ACDE-5FA880699318}.AppStore|Any CPU.Build.0 = Release|Any CPU
		{57341D77-EF5F-436F-ACDE-5FA880699318}.AppStore|Any CPU.Deploy.0 = Release|Any CPU
		{57341D77-EF5F-436F-ACDE-5FA880699318}.AppStore|ARM.ActiveCfg = Release|ARM
		{57341D77-EF5F-436F-ACDE-5FA880699318}.AppStore|ARM.Build.0 = Release|ARM
		{57341D77-EF5F-436F-ACDE-5FA880699318}.AppStore|ARM.Deploy.0 = Release|ARM
		{57341D77-EF5F-436F-ACDE-5FA880699318}.AppStore|iPhone.ActiveCfg = Release|Any CPU
		{57341D77-EF5F-436F-ACDE-5FA880699318}.AppStore|iPhone.Build.0 = Release|Any CPU
		{57341D77-EF5F-436F-ACDE-5FA880699318}.AppStore|iPhone.Deploy.0 = Release|Any CPU
		{57341D77-EF5F-436F-ACDE-5FA880699318}.AppStore|iPhoneSimulator.ActiveCfg = Release|Any CPU
		{57341D77-EF5F-436F-ACDE-5FA880699318}.AppStore|iPhoneSimulator.Build.0 = Release|Any CPU
		{57341D77-EF5F-436F-ACDE-5FA880699318}.AppStore|iPhoneSimulator.Deploy.0 = Release|Any CPU
		{57341D77-EF5F-436F-ACDE-5FA880699318}.AppStore|x64.ActiveCfg = Release|Any CPU
		{57341D77-EF5F-436F-ACDE-5FA880699318}.AppStore|x64.Build.0 = Release|Any CPU
		{57341D77-EF5F-436F-ACDE-5FA880699318}.AppStore|x64.Deploy.0 = Release|Any CPU
		{57341D77-EF5F-436F-ACDE-5FA880699318}.AppStore|x86.ActiveCfg = Release|x86
		{57341D77-EF5F-436F-ACDE-5FA880699318}.AppStore|x86.Build.0 = Release|x86
		{57341D77-EF5F-436F-ACDE-5FA880699318}.AppStore|x86.Deploy.0 = Release|x86
		{57341D77-EF5F-436F-ACDE-5FA880699318}.Debug|Any CPU.ActiveCfg = Debug|Any CPU
		{57341D77-EF5F-436F-ACDE-5FA880699318}.Debug|Any CPU.Build.0 = Debug|Any CPU
		{57341D77-EF5F-436F-ACDE-5FA880699318}.Debug|Any CPU.Deploy.0 = Debug|Any CPU
		{57341D77-EF5F-436F-ACDE-5FA880699318}.Debug|ARM.ActiveCfg = Debug|ARM
		{57341D77-EF5F-436F-ACDE-5FA880699318}.Debug|ARM.Build.0 = Debug|ARM
		{57341D77-EF5F-436F-ACDE-5FA880699318}.Debug|ARM.Deploy.0 = Debug|ARM
		{57341D77-EF5F-436F-ACDE-5FA880699318}.Debug|iPhone.ActiveCfg = Debug|Any CPU
		{57341D77-EF5F-436F-ACDE-5FA880699318}.Debug|iPhone.Build.0 = Debug|Any CPU
		{57341D77-EF5F-436F-ACDE-5FA880699318}.Debug|iPhone.Deploy.0 = Debug|Any CPU
		{57341D77-EF5F-436F-ACDE-5FA880699318}.Debug|iPhoneSimulator.ActiveCfg = Debug|Any CPU
		{57341D77-EF5F-436F-ACDE-5FA880699318}.Debug|iPhoneSimulator.Build.0 = Debug|Any CPU
		{57341D77-EF5F-436F-ACDE-5FA880699318}.Debug|iPhoneSimulator.Deploy.0 = Debug|Any CPU
		{57341D77-EF5F-436F-ACDE-5FA880699318}.Debug|x64.ActiveCfg = Debug|Any CPU
		{57341D77-EF5F-436F-ACDE-5FA880699318}.Debug|x64.Build.0 = Debug|Any CPU
		{57341D77-EF5F-436F-ACDE-5FA880699318}.Debug|x64.Deploy.0 = Debug|Any CPU
		{57341D77-EF5F-436F-ACDE-5FA880699318}.Debug|x86.ActiveCfg = Debug|x86
		{57341D77-EF5F-436F-ACDE-5FA880699318}.Debug|x86.Build.0 = Debug|x86
		{57341D77-EF5F-436F-ACDE-5FA880699318}.Debug|x86.Deploy.0 = Debug|x86
		{57341D77-EF5F-436F-ACDE-5FA880699318}.Release|Any CPU.ActiveCfg = Release|Any CPU
		{57341D77-EF5F-436F-ACDE-5FA880699318}.Release|Any CPU.Build.0 = Release|Any CPU
		{57341D77-EF5F-436F-ACDE-5FA880699318}.Release|Any CPU.Deploy.0 = Release|Any CPU
		{57341D77-EF5F-436F-ACDE-5FA880699318}.Release|ARM.ActiveCfg = Release|ARM
		{57341D77-EF5F-436F-ACDE-5FA880699318}.Release|ARM.Build.0 = Release|ARM
		{57341D77-EF5F-436F-ACDE-5FA880699318}.Release|ARM.Deploy.0 = Release|ARM
		{57341D77-EF5F-436F-ACDE-5FA880699318}.Release|iPhone.ActiveCfg = Release|Any CPU
		{57341D77-EF5F-436F-ACDE-5FA880699318}.Release|iPhone.Build.0 = Release|Any CPU
		{57341D77-EF5F-436F-ACDE-5FA880699318}.Release|iPhone.Deploy.0 = Release|Any CPU
		{57341D77-EF5F-436F-ACDE-5FA880699318}.Release|iPhoneSimulator.ActiveCfg = Release|Any CPU
		{57341D77-EF5F-436F-ACDE-5FA880699318}.Release|iPhoneSimulator.Build.0 = Release|Any CPU
		{57341D77-EF5F-436F-ACDE-5FA880699318}.Release|iPhoneSimulator.Deploy.0 = Release|Any CPU
		{57341D77-EF5F-436F-ACDE-5FA880699318}.Release|x64.ActiveCfg = Release|Any CPU
		{57341D77-EF5F-436F-ACDE-5FA880699318}.Release|x64.Build.0 = Release|Any CPU
		{57341D77-EF5F-436F-ACDE-5FA880699318}.Release|x64.Deploy.0 = Release|Any CPU
		{57341D77-EF5F-436F-ACDE-5FA880699318}.Release|x86.ActiveCfg = Release|x86
		{57341D77-EF5F-436F-ACDE-5FA880699318}.Release|x86.Build.0 = Release|x86
		{57341D77-EF5F-436F-ACDE-5FA880699318}.Release|x86.Deploy.0 = Release|x86
		{17C3D2B4-EF72-4B22-AACB-0F10045DEBA8}.Ad-Hoc|Any CPU.ActiveCfg = Release|x86
		{17C3D2B4-EF72-4B22-AACB-0F10045DEBA8}.Ad-Hoc|Any CPU.Build.0 = Release|x86
		{17C3D2B4-EF72-4B22-AACB-0F10045DEBA8}.Ad-Hoc|Any CPU.Deploy.0 = Release|x86
		{17C3D2B4-EF72-4B22-AACB-0F10045DEBA8}.Ad-Hoc|ARM.ActiveCfg = Release|ARM
		{17C3D2B4-EF72-4B22-AACB-0F10045DEBA8}.Ad-Hoc|ARM.Build.0 = Release|ARM
		{17C3D2B4-EF72-4B22-AACB-0F10045DEBA8}.Ad-Hoc|ARM.Deploy.0 = Release|ARM
		{17C3D2B4-EF72-4B22-AACB-0F10045DEBA8}.Ad-Hoc|iPhone.ActiveCfg = Release|x86
		{17C3D2B4-EF72-4B22-AACB-0F10045DEBA8}.Ad-Hoc|iPhone.Build.0 = Release|x86
		{17C3D2B4-EF72-4B22-AACB-0F10045DEBA8}.Ad-Hoc|iPhone.Deploy.0 = Release|x86
		{17C3D2B4-EF72-4B22-AACB-0F10045DEBA8}.Ad-Hoc|iPhoneSimulator.ActiveCfg = Release|x86
		{17C3D2B4-EF72-4B22-AACB-0F10045DEBA8}.Ad-Hoc|iPhoneSimulator.Build.0 = Release|x86
		{17C3D2B4-EF72-4B22-AACB-0F10045DEBA8}.Ad-Hoc|iPhoneSimulator.Deploy.0 = Release|x86
		{17C3D2B4-EF72-4B22-AACB-0F10045DEBA8}.Ad-Hoc|x64.ActiveCfg = Release|x64
		{17C3D2B4-EF72-4B22-AACB-0F10045DEBA8}.Ad-Hoc|x64.Build.0 = Release|x64
		{17C3D2B4-EF72-4B22-AACB-0F10045DEBA8}.Ad-Hoc|x64.Deploy.0 = Release|x64
		{17C3D2B4-EF72-4B22-AACB-0F10045DEBA8}.Ad-Hoc|x86.ActiveCfg = Release|x86
		{17C3D2B4-EF72-4B22-AACB-0F10045DEBA8}.Ad-Hoc|x86.Build.0 = Release|x86
		{17C3D2B4-EF72-4B22-AACB-0F10045DEBA8}.Ad-Hoc|x86.Deploy.0 = Release|x86
		{17C3D2B4-EF72-4B22-AACB-0F10045DEBA8}.AppStore|Any CPU.ActiveCfg = Release|x86
		{17C3D2B4-EF72-4B22-AACB-0F10045DEBA8}.AppStore|Any CPU.Build.0 = Release|x86
		{17C3D2B4-EF72-4B22-AACB-0F10045DEBA8}.AppStore|Any CPU.Deploy.0 = Release|x86
		{17C3D2B4-EF72-4B22-AACB-0F10045DEBA8}.AppStore|ARM.ActiveCfg = Release|ARM
		{17C3D2B4-EF72-4B22-AACB-0F10045DEBA8}.AppStore|ARM.Build.0 = Release|ARM
		{17C3D2B4-EF72-4B22-AACB-0F10045DEBA8}.AppStore|ARM.Deploy.0 = Release|ARM
		{17C3D2B4-EF72-4B22-AACB-0F10045DEBA8}.AppStore|iPhone.ActiveCfg = Release|x86
		{17C3D2B4-EF72-4B22-AACB-0F10045DEBA8}.AppStore|iPhone.Build.0 = Release|x86
		{17C3D2B4-EF72-4B22-AACB-0F10045DEBA8}.AppStore|iPhone.Deploy.0 = Release|x86
		{17C3D2B4-EF72-4B22-AACB-0F10045DEBA8}.AppStore|iPhoneSimulator.ActiveCfg = Release|x86
		{17C3D2B4-EF72-4B22-AACB-0F10045DEBA8}.AppStore|iPhoneSimulator.Build.0 = Release|x86
		{17C3D2B4-EF72-4B22-AACB-0F10045DEBA8}.AppStore|iPhoneSimulator.Deploy.0 = Release|x86
		{17C3D2B4-EF72-4B22-AACB-0F10045DEBA8}.AppStore|x64.ActiveCfg = Release|x64
		{17C3D2B4-EF72-4B22-AACB-0F10045DEBA8}.AppStore|x64.Build.0 = Release|x64
		{17C3D2B4-EF72-4B22-AACB-0F10045DEBA8}.AppStore|x64.Deploy.0 = Release|x64
		{17C3D2B4-EF72-4B22-AACB-0F10045DEBA8}.AppStore|x86.ActiveCfg = Release|x86
		{17C3D2B4-EF72-4B22-AACB-0F10045DEBA8}.AppStore|x86.Build.0 = Release|x86
		{17C3D2B4-EF72-4B22-AACB-0F10045DEBA8}.AppStore|x86.Deploy.0 = Release|x86
		{17C3D2B4-EF72-4B22-AACB-0F10045DEBA8}.Debug|Any CPU.ActiveCfg = Debug|x86
		{17C3D2B4-EF72-4B22-AACB-0F10045DEBA8}.Debug|ARM.ActiveCfg = Debug|ARM
		{17C3D2B4-EF72-4B22-AACB-0F10045DEBA8}.Debug|ARM.Build.0 = Debug|ARM
		{17C3D2B4-EF72-4B22-AACB-0F10045DEBA8}.Debug|ARM.Deploy.0 = Debug|ARM
		{17C3D2B4-EF72-4B22-AACB-0F10045DEBA8}.Debug|iPhone.ActiveCfg = Debug|x86
		{17C3D2B4-EF72-4B22-AACB-0F10045DEBA8}.Debug|iPhoneSimulator.ActiveCfg = Debug|x86
		{17C3D2B4-EF72-4B22-AACB-0F10045DEBA8}.Debug|x64.ActiveCfg = Debug|x64
		{17C3D2B4-EF72-4B22-AACB-0F10045DEBA8}.Debug|x64.Build.0 = Debug|x64
		{17C3D2B4-EF72-4B22-AACB-0F10045DEBA8}.Debug|x64.Deploy.0 = Debug|x64
		{17C3D2B4-EF72-4B22-AACB-0F10045DEBA8}.Debug|x86.ActiveCfg = Debug|x86
		{17C3D2B4-EF72-4B22-AACB-0F10045DEBA8}.Debug|x86.Build.0 = Debug|x86
		{17C3D2B4-EF72-4B22-AACB-0F10045DEBA8}.Debug|x86.Deploy.0 = Debug|x86
		{17C3D2B4-EF72-4B22-AACB-0F10045DEBA8}.Release|Any CPU.ActiveCfg = Release|x86
		{17C3D2B4-EF72-4B22-AACB-0F10045DEBA8}.Release|ARM.ActiveCfg = Release|ARM
		{17C3D2B4-EF72-4B22-AACB-0F10045DEBA8}.Release|ARM.Build.0 = Release|ARM
		{17C3D2B4-EF72-4B22-AACB-0F10045DEBA8}.Release|ARM.Deploy.0 = Release|ARM
		{17C3D2B4-EF72-4B22-AACB-0F10045DEBA8}.Release|iPhone.ActiveCfg = Release|x86
		{17C3D2B4-EF72-4B22-AACB-0F10045DEBA8}.Release|iPhoneSimulator.ActiveCfg = Release|x86
		{17C3D2B4-EF72-4B22-AACB-0F10045DEBA8}.Release|x64.ActiveCfg = Release|x64
		{17C3D2B4-EF72-4B22-AACB-0F10045DEBA8}.Release|x64.Build.0 = Release|x64
		{17C3D2B4-EF72-4B22-AACB-0F10045DEBA8}.Release|x64.Deploy.0 = Release|x64
		{17C3D2B4-EF72-4B22-AACB-0F10045DEBA8}.Release|x86.ActiveCfg = Release|x86
		{17C3D2B4-EF72-4B22-AACB-0F10045DEBA8}.Release|x86.Build.0 = Release|x86
		{17C3D2B4-EF72-4B22-AACB-0F10045DEBA8}.Release|x86.Deploy.0 = Release|x86
		{0590AFDA-A3C0-4729-8958-7DFDD403B522}.Ad-Hoc|Any CPU.ActiveCfg = Release|Any CPU
		{0590AFDA-A3C0-4729-8958-7DFDD403B522}.Ad-Hoc|Any CPU.Build.0 = Release|Any CPU
		{0590AFDA-A3C0-4729-8958-7DFDD403B522}.Ad-Hoc|Any CPU.Deploy.0 = Release|Any CPU
		{0590AFDA-A3C0-4729-8958-7DFDD403B522}.Ad-Hoc|ARM.ActiveCfg = Release|ARM
		{0590AFDA-A3C0-4729-8958-7DFDD403B522}.Ad-Hoc|ARM.Build.0 = Release|ARM
		{0590AFDA-A3C0-4729-8958-7DFDD403B522}.Ad-Hoc|ARM.Deploy.0 = Release|ARM
		{0590AFDA-A3C0-4729-8958-7DFDD403B522}.Ad-Hoc|iPhone.ActiveCfg = Release|Any CPU
		{0590AFDA-A3C0-4729-8958-7DFDD403B522}.Ad-Hoc|iPhone.Build.0 = Release|Any CPU
		{0590AFDA-A3C0-4729-8958-7DFDD403B522}.Ad-Hoc|iPhone.Deploy.0 = Release|Any CPU
		{0590AFDA-A3C0-4729-8958-7DFDD403B522}.Ad-Hoc|iPhoneSimulator.ActiveCfg = Release|Any CPU
		{0590AFDA-A3C0-4729-8958-7DFDD403B522}.Ad-Hoc|iPhoneSimulator.Build.0 = Release|Any CPU
		{0590AFDA-A3C0-4729-8958-7DFDD403B522}.Ad-Hoc|iPhoneSimulator.Deploy.0 = Release|Any CPU
		{0590AFDA-A3C0-4729-8958-7DFDD403B522}.Ad-Hoc|x64.ActiveCfg = Release|x64
		{0590AFDA-A3C0-4729-8958-7DFDD403B522}.Ad-Hoc|x64.Build.0 = Release|x64
		{0590AFDA-A3C0-4729-8958-7DFDD403B522}.Ad-Hoc|x64.Deploy.0 = Release|x64
		{0590AFDA-A3C0-4729-8958-7DFDD403B522}.Ad-Hoc|x86.ActiveCfg = Release|x86
		{0590AFDA-A3C0-4729-8958-7DFDD403B522}.Ad-Hoc|x86.Build.0 = Release|x86
		{0590AFDA-A3C0-4729-8958-7DFDD403B522}.Ad-Hoc|x86.Deploy.0 = Release|x86
		{0590AFDA-A3C0-4729-8958-7DFDD403B522}.AppStore|Any CPU.ActiveCfg = Release|Any CPU
		{0590AFDA-A3C0-4729-8958-7DFDD403B522}.AppStore|Any CPU.Build.0 = Release|Any CPU
		{0590AFDA-A3C0-4729-8958-7DFDD403B522}.AppStore|Any CPU.Deploy.0 = Release|Any CPU
		{0590AFDA-A3C0-4729-8958-7DFDD403B522}.AppStore|ARM.ActiveCfg = Release|ARM
		{0590AFDA-A3C0-4729-8958-7DFDD403B522}.AppStore|ARM.Build.0 = Release|ARM
		{0590AFDA-A3C0-4729-8958-7DFDD403B522}.AppStore|ARM.Deploy.0 = Release|ARM
		{0590AFDA-A3C0-4729-8958-7DFDD403B522}.AppStore|iPhone.ActiveCfg = Release|Any CPU
		{0590AFDA-A3C0-4729-8958-7DFDD403B522}.AppStore|iPhone.Build.0 = Release|Any CPU
		{0590AFDA-A3C0-4729-8958-7DFDD403B522}.AppStore|iPhone.Deploy.0 = Release|Any CPU
		{0590AFDA-A3C0-4729-8958-7DFDD403B522}.AppStore|iPhoneSimulator.ActiveCfg = Release|Any CPU
		{0590AFDA-A3C0-4729-8958-7DFDD403B522}.AppStore|iPhoneSimulator.Build.0 = Release|Any CPU
		{0590AFDA-A3C0-4729-8958-7DFDD403B522}.AppStore|iPhoneSimulator.Deploy.0 = Release|Any CPU
		{0590AFDA-A3C0-4729-8958-7DFDD403B522}.AppStore|x64.ActiveCfg = Release|x64
		{0590AFDA-A3C0-4729-8958-7DFDD403B522}.AppStore|x64.Build.0 = Release|x64
		{0590AFDA-A3C0-4729-8958-7DFDD403B522}.AppStore|x64.Deploy.0 = Release|x64
		{0590AFDA-A3C0-4729-8958-7DFDD403B522}.AppStore|x86.ActiveCfg = Release|x86
		{0590AFDA-A3C0-4729-8958-7DFDD403B522}.AppStore|x86.Build.0 = Release|x86
		{0590AFDA-A3C0-4729-8958-7DFDD403B522}.AppStore|x86.Deploy.0 = Release|x86
		{0590AFDA-A3C0-4729-8958-7DFDD403B522}.Debug|Any CPU.ActiveCfg = Debug|Any CPU
		{0590AFDA-A3C0-4729-8958-7DFDD403B522}.Debug|Any CPU.Build.0 = Debug|Any CPU
		{0590AFDA-A3C0-4729-8958-7DFDD403B522}.Debug|Any CPU.Deploy.0 = Debug|Any CPU
		{0590AFDA-A3C0-4729-8958-7DFDD403B522}.Debug|ARM.ActiveCfg = Debug|ARM
		{0590AFDA-A3C0-4729-8958-7DFDD403B522}.Debug|ARM.Build.0 = Debug|ARM
		{0590AFDA-A3C0-4729-8958-7DFDD403B522}.Debug|ARM.Deploy.0 = Debug|ARM
		{0590AFDA-A3C0-4729-8958-7DFDD403B522}.Debug|iPhone.ActiveCfg = Debug|Any CPU
		{0590AFDA-A3C0-4729-8958-7DFDD403B522}.Debug|iPhone.Build.0 = Debug|Any CPU
		{0590AFDA-A3C0-4729-8958-7DFDD403B522}.Debug|iPhone.Deploy.0 = Debug|Any CPU
		{0590AFDA-A3C0-4729-8958-7DFDD403B522}.Debug|iPhoneSimulator.ActiveCfg = Debug|Any CPU
		{0590AFDA-A3C0-4729-8958-7DFDD403B522}.Debug|iPhoneSimulator.Build.0 = Debug|Any CPU
		{0590AFDA-A3C0-4729-8958-7DFDD403B522}.Debug|iPhoneSimulator.Deploy.0 = Debug|Any CPU
		{0590AFDA-A3C0-4729-8958-7DFDD403B522}.Debug|x64.ActiveCfg = Debug|x64
		{0590AFDA-A3C0-4729-8958-7DFDD403B522}.Debug|x64.Build.0 = Debug|x64
		{0590AFDA-A3C0-4729-8958-7DFDD403B522}.Debug|x64.Deploy.0 = Debug|x64
		{0590AFDA-A3C0-4729-8958-7DFDD403B522}.Debug|x86.ActiveCfg = Debug|x86
		{0590AFDA-A3C0-4729-8958-7DFDD403B522}.Debug|x86.Build.0 = Debug|x86
		{0590AFDA-A3C0-4729-8958-7DFDD403B522}.Debug|x86.Deploy.0 = Debug|x86
		{0590AFDA-A3C0-4729-8958-7DFDD403B522}.Release|Any CPU.ActiveCfg = Release|Any CPU
		{0590AFDA-A3C0-4729-8958-7DFDD403B522}.Release|Any CPU.Build.0 = Release|Any CPU
		{0590AFDA-A3C0-4729-8958-7DFDD403B522}.Release|Any CPU.Deploy.0 = Release|Any CPU
		{0590AFDA-A3C0-4729-8958-7DFDD403B522}.Release|ARM.ActiveCfg = Release|ARM
		{0590AFDA-A3C0-4729-8958-7DFDD403B522}.Release|ARM.Build.0 = Release|ARM
		{0590AFDA-A3C0-4729-8958-7DFDD403B522}.Release|ARM.Deploy.0 = Release|ARM
		{0590AFDA-A3C0-4729-8958-7DFDD403B522}.Release|iPhone.ActiveCfg = Release|Any CPU
		{0590AFDA-A3C0-4729-8958-7DFDD403B522}.Release|iPhone.Build.0 = Release|Any CPU
		{0590AFDA-A3C0-4729-8958-7DFDD403B522}.Release|iPhone.Deploy.0 = Release|Any CPU
		{0590AFDA-A3C0-4729-8958-7DFDD403B522}.Release|iPhoneSimulator.ActiveCfg = Release|Any CPU
		{0590AFDA-A3C0-4729-8958-7DFDD403B522}.Release|iPhoneSimulator.Build.0 = Release|Any CPU
		{0590AFDA-A3C0-4729-8958-7DFDD403B522}.Release|iPhoneSimulator.Deploy.0 = Release|Any CPU
		{0590AFDA-A3C0-4729-8958-7DFDD403B522}.Release|x64.ActiveCfg = Release|x64
		{0590AFDA-A3C0-4729-8958-7DFDD403B522}.Release|x64.Build.0 = Release|x64
		{0590AFDA-A3C0-4729-8958-7DFDD403B522}.Release|x64.Deploy.0 = Release|x64
		{0590AFDA-A3C0-4729-8958-7DFDD403B522}.Release|x86.ActiveCfg = Release|x86
		{0590AFDA-A3C0-4729-8958-7DFDD403B522}.Release|x86.Build.0 = Release|x86
		{0590AFDA-A3C0-4729-8958-7DFDD403B522}.Release|x86.Deploy.0 = Release|x86
		{A39DF693-F6E7-4F9F-91E5-D8F01AB43958}.Ad-Hoc|Any CPU.ActiveCfg = Release|Any CPU
		{A39DF693-F6E7-4F9F-91E5-D8F01AB43958}.Ad-Hoc|Any CPU.Build.0 = Release|Any CPU
		{A39DF693-F6E7-4F9F-91E5-D8F01AB43958}.Ad-Hoc|ARM.ActiveCfg = Release|Any CPU
		{A39DF693-F6E7-4F9F-91E5-D8F01AB43958}.Ad-Hoc|ARM.Build.0 = Release|Any CPU
		{A39DF693-F6E7-4F9F-91E5-D8F01AB43958}.Ad-Hoc|iPhone.ActiveCfg = Release|Any CPU
		{A39DF693-F6E7-4F9F-91E5-D8F01AB43958}.Ad-Hoc|iPhone.Build.0 = Release|Any CPU
		{A39DF693-F6E7-4F9F-91E5-D8F01AB43958}.Ad-Hoc|iPhoneSimulator.ActiveCfg = Release|Any CPU
		{A39DF693-F6E7-4F9F-91E5-D8F01AB43958}.Ad-Hoc|iPhoneSimulator.Build.0 = Release|Any CPU
		{A39DF693-F6E7-4F9F-91E5-D8F01AB43958}.Ad-Hoc|x64.ActiveCfg = Release|Any CPU
		{A39DF693-F6E7-4F9F-91E5-D8F01AB43958}.Ad-Hoc|x64.Build.0 = Release|Any CPU
		{A39DF693-F6E7-4F9F-91E5-D8F01AB43958}.Ad-Hoc|x86.ActiveCfg = Release|Any CPU
		{A39DF693-F6E7-4F9F-91E5-D8F01AB43958}.Ad-Hoc|x86.Build.0 = Release|Any CPU
		{A39DF693-F6E7-4F9F-91E5-D8F01AB43958}.AppStore|Any CPU.ActiveCfg = Release|Any CPU
		{A39DF693-F6E7-4F9F-91E5-D8F01AB43958}.AppStore|Any CPU.Build.0 = Release|Any CPU
		{A39DF693-F6E7-4F9F-91E5-D8F01AB43958}.AppStore|ARM.ActiveCfg = Release|Any CPU
		{A39DF693-F6E7-4F9F-91E5-D8F01AB43958}.AppStore|ARM.Build.0 = Release|Any CPU
		{A39DF693-F6E7-4F9F-91E5-D8F01AB43958}.AppStore|iPhone.ActiveCfg = Release|Any CPU
		{A39DF693-F6E7-4F9F-91E5-D8F01AB43958}.AppStore|iPhone.Build.0 = Release|Any CPU
		{A39DF693-F6E7-4F9F-91E5-D8F01AB43958}.AppStore|iPhoneSimulator.ActiveCfg = Release|Any CPU
		{A39DF693-F6E7-4F9F-91E5-D8F01AB43958}.AppStore|iPhoneSimulator.Build.0 = Release|Any CPU
		{A39DF693-F6E7-4F9F-91E5-D8F01AB43958}.AppStore|x64.ActiveCfg = Release|Any CPU
		{A39DF693-F6E7-4F9F-91E5-D8F01AB43958}.AppStore|x64.Build.0 = Release|Any CPU
		{A39DF693-F6E7-4F9F-91E5-D8F01AB43958}.AppStore|x86.ActiveCfg = Release|Any CPU
		{A39DF693-F6E7-4F9F-91E5-D8F01AB43958}.AppStore|x86.Build.0 = Release|Any CPU
		{A39DF693-F6E7-4F9F-91E5-D8F01AB43958}.Debug|Any CPU.ActiveCfg = Debug|Any CPU
		{A39DF693-F6E7-4F9F-91E5-D8F01AB43958}.Debug|Any CPU.Build.0 = Debug|Any CPU
		{A39DF693-F6E7-4F9F-91E5-D8F01AB43958}.Debug|ARM.ActiveCfg = Debug|Any CPU
		{A39DF693-F6E7-4F9F-91E5-D8F01AB43958}.Debug|ARM.Build.0 = Debug|Any CPU
		{A39DF693-F6E7-4F9F-91E5-D8F01AB43958}.Debug|iPhone.ActiveCfg = Debug|Any CPU
		{A39DF693-F6E7-4F9F-91E5-D8F01AB43958}.Debug|iPhone.Build.0 = Debug|Any CPU
		{A39DF693-F6E7-4F9F-91E5-D8F01AB43958}.Debug|iPhoneSimulator.ActiveCfg = Debug|Any CPU
		{A39DF693-F6E7-4F9F-91E5-D8F01AB43958}.Debug|iPhoneSimulator.Build.0 = Debug|Any CPU
		{A39DF693-F6E7-4F9F-91E5-D8F01AB43958}.Debug|x64.ActiveCfg = Debug|Any CPU
		{A39DF693-F6E7-4F9F-91E5-D8F01AB43958}.Debug|x64.Build.0 = Debug|Any CPU
		{A39DF693-F6E7-4F9F-91E5-D8F01AB43958}.Debug|x86.ActiveCfg = Debug|Any CPU
		{A39DF693-F6E7-4F9F-91E5-D8F01AB43958}.Debug|x86.Build.0 = Debug|Any CPU
		{A39DF693-F6E7-4F9F-91E5-D8F01AB43958}.Release|Any CPU.ActiveCfg = Release|Any CPU
		{A39DF693-F6E7-4F9F-91E5-D8F01AB43958}.Release|Any CPU.Build.0 = Release|Any CPU
		{A39DF693-F6E7-4F9F-91E5-D8F01AB43958}.Release|ARM.ActiveCfg = Release|Any CPU
		{A39DF693-F6E7-4F9F-91E5-D8F01AB43958}.Release|ARM.Build.0 = Release|Any CPU
		{A39DF693-F6E7-4F9F-91E5-D8F01AB43958}.Release|iPhone.ActiveCfg = Release|Any CPU
		{A39DF693-F6E7-4F9F-91E5-D8F01AB43958}.Release|iPhone.Build.0 = Release|Any CPU
		{A39DF693-F6E7-4F9F-91E5-D8F01AB43958}.Release|iPhoneSimulator.ActiveCfg = Release|Any CPU
		{A39DF693-F6E7-4F9F-91E5-D8F01AB43958}.Release|iPhoneSimulator.Build.0 = Release|Any CPU
		{A39DF693-F6E7-4F9F-91E5-D8F01AB43958}.Release|x64.ActiveCfg = Release|Any CPU
		{A39DF693-F6E7-4F9F-91E5-D8F01AB43958}.Release|x64.Build.0 = Release|Any CPU
		{A39DF693-F6E7-4F9F-91E5-D8F01AB43958}.Release|x86.ActiveCfg = Release|Any CPU
		{A39DF693-F6E7-4F9F-91E5-D8F01AB43958}.Release|x86.Build.0 = Release|Any CPU
	EndGlobalSection
	GlobalSection(SolutionProperties) = preSolution
		HideSolutionNode = FALSE
	EndGlobalSection
EndGlobal
